
Microsoft Visual Studio Solution File, Format Version 12.00
# Visual Studio 14
VisualStudioVersion = 14.0.25123.0
MinimumVisualStudioVersion = 10.0.40219.1
Project("{FAE04EC0-301F-11D3-BF4B-00C04F79EFBC}") = "Word2VecSharp", "Word2VecSharp\Word2VecSharp.csproj", "{F7CA6C87-62A4-460E-8977-244200CA2590}"
EndProject
Project("{FAE04EC0-301F-11D3-BF4B-00C04F79EFBC}") = "Word2VecConsole", "Word2VecConsole\Word2VecConsole.csproj", "{664B0DDA-D20D-4711-87C5-6D0F11357915}"
EndProject
Global
	GlobalSection(SolutionConfigurationPlatforms) = preSolution
		Debug|Any CPU = Debug|Any CPU
		Release|Any CPU = Release|Any CPU
	EndGlobalSection
	GlobalSection(ProjectConfigurationPlatforms) = postSolution
		{F7CA6C87-62A4-460E-8977-244200CA2590}.Debug|Any CPU.ActiveCfg = Debug|Any CPU
		{F7CA6C87-62A4-460E-8977-244200CA2590}.Debug|Any CPU.Build.0 = Debug|Any CPU
		{F7CA6C87-62A4-460E-8977-244200CA2590}.Release|Any CPU.ActiveCfg = Release|Any CPU
		{F7CA6C87-62A4-460E-8977-244200CA2590}.Release|Any CPU.Build.0 = Release|Any CPU
		{664B0DDA-D20D-4711-87C5-6D0F11357915}.Debug|Any CPU.ActiveCfg = Debug|Any CPU
		{664B0DDA-D20D-4711-87C5-6D0F11357915}.Debug|Any CPU.Build.0 = Debug|Any CPU
		{664B0DDA-D20D-4711-87C5-6D0F11357915}.Release|Any CPU.ActiveCfg = Release|Any CPU
		{664B0DDA-D20D-4711-87C5-6D0F11357915}.Release|Any CPU.Build.0 = Release|Any CPU
	EndGlobalSection
	GlobalSection(SolutionProperties) = preSolution
		HideSolutionNode = FALSE
	EndGlobalSection
EndGlobal
